// !$*UTF8*$!
{
	archiveVersion = 1;
	classes = {
	};
	objectVersion = 50;
	objects = {

/* Begin PBXBuildFile section */
		C91C93F922350F3D0031BEAE /* ReactiveCocoaViewController.m in Sources */ = {isa = PBXBuildFile; fileRef = C91C93F822350F3D0031BEAE /* ReactiveCocoaViewController.m */; };
		C91C93FA22350F3D0031BEAE /* ReactiveCocoaViewController.m in Sources */ = {isa = PBXBuildFile; fileRef = C91C93F822350F3D0031BEAE /* ReactiveCocoaViewController.m */; };
		C91C93FB22350F3D0031BEAE /* ReactiveCocoaViewController.m in Sources */ = {isa = PBXBuildFile; fileRef = C91C93F822350F3D0031BEAE /* ReactiveCocoaViewController.m */; };
		C91C93FD22350F810031BEAE /* ReactiveCocoaViewController.xib in Resources */ = {isa = PBXBuildFile; fileRef = C91C93FC22350F810031BEAE /* ReactiveCocoaViewController.xib */; };
		C91C93FE22350F810031BEAE /* ReactiveCocoaViewController.xib in Resources */ = {isa = PBXBuildFile; fileRef = C91C93FC22350F810031BEAE /* ReactiveCocoaViewController.xib */; };
		C91C93FF22350F810031BEAE /* ReactiveCocoaViewController.xib in Resources */ = {isa = PBXBuildFile; fileRef = C91C93FC22350F810031BEAE /* ReactiveCocoaViewController.xib */; };
		C966BBA92234CD18004FAEEB /* AppDelegate.m in Sources */ = {isa = PBXBuildFile; fileRef = C966BBA82234CD18004FAEEB /* AppDelegate.m */; };
		C966BBAC2234CD18004FAEEB /* ViewController.m in Sources */ = {isa = PBXBuildFile; fileRef = C966BBAB2234CD18004FAEEB /* ViewController.m */; };
		C966BBB22234CD18004FAEEB /* ReactiveCocoa.xcdatamodeld in Sources */ = {isa = PBXBuildFile; fileRef = C966BBB02234CD18004FAEEB /* ReactiveCocoa.xcdatamodeld */; };
		C966BBB42234CD19004FAEEB /* Assets.xcassets in Resources */ = {isa = PBXBuildFile; fileRef = C966BBB32234CD19004FAEEB /* Assets.xcassets */; };
		C966BBB72234CD19004FAEEB /* LaunchScreen.storyboard in Resources */ = {isa = PBXBuildFile; fileRef = C966BBB52234CD19004FAEEB /* LaunchScreen.storyboard */; };
		C966BBBA2234CD19004FAEEB /* main.m in Sources */ = {isa = PBXBuildFile; fileRef = C966BBB92234CD19004FAEEB /* main.m */; };
		C966BBC42234CD1A004FAEEB /* ReactiveCocoaTests.m in Sources */ = {isa = PBXBuildFile; fileRef = C966BBC32234CD1A004FAEEB /* ReactiveCocoaTests.m */; };
		C966BBCF2234CD1A004FAEEB /* ReactiveCocoaUITests.m in Sources */ = {isa = PBXBuildFile; fileRef = C966BBCE2234CD1A004FAEEB /* ReactiveCocoaUITests.m */; };
		FE89FBB2DD63FA2502FAC46B /* Pods_ReactiveCocoa.framework in Frameworks */ = {isa = PBXBuildFile; fileRef = F6E4CC45D4004B54D0C8C975 /* Pods_ReactiveCocoa.framework */; };
/* End PBXBuildFile section */

/* Begin PBXContainerItemProxy section */
		C966BBC02234CD1A004FAEEB /* PBXContainerItemProxy */ = {
			isa = PBXContainerItemProxy;
			containerPortal = C966BB9C2234CD18004FAEEB /* Project object */;
			proxyType = 1;
			remoteGlobalIDString = C966BBA32234CD18004FAEEB;
			remoteInfo = ReactiveCocoa;
		};
		C966BBCB2234CD1A004FAEEB /* PBXContainerItemProxy */ = {
			isa = PBXContainerItemProxy;
			containerPortal = C966BB9C2234CD18004FAEEB /* Project object */;
			proxyType = 1;
			remoteGlobalIDString = C966BBA32234CD18004FAEEB;
			remoteInfo = ReactiveCocoa;
		};
/* End PBXContainerItemProxy section */

/* Begin PBXFileReference section */
		13946C3FA216D4A207A3039D /* Pods-ReactiveCocoa.release.xcconfig */ = {isa = PBXFileReference; includeInIndex = 1; lastKnownFileType = text.xcconfig; name = "Pods-ReactiveCocoa.release.xcconfig"; path = "Pods/Target Support Files/Pods-ReactiveCocoa/Pods-ReactiveCocoa.release.xcconfig"; sourceTree = "<group>"; };
		C91C93F722350F3D0031BEAE /* ReactiveCocoaViewController.h */ = {isa = PBXFileReference; lastKnownFileType = sourcecode.c.h; path = ReactiveCocoaViewController.h; sourceTree = "<group>"; };
		C91C93F822350F3D0031BEAE /* ReactiveCocoaViewController.m */ = {isa = PBXFileReference; lastKnownFileType = sourcecode.c.objc; path = ReactiveCocoaViewController.m; sourceTree = "<group>"; };
		C91C93FC22350F810031BEAE /* ReactiveCocoaViewController.xib */ = {isa = PBXFileReference; lastKnownFileType = file.xib; path = ReactiveCocoaViewController.xib; sourceTree = "<group>"; };
		C91C9400223513030031BEAE /* ReactiveCocoa.pch */ = {isa = PBXFileReference; lastKnownFileType = sourcecode.c.h; name = ReactiveCocoa.pch; path = OtherFile/ReactiveCocoa.pch; sourceTree = "<group>"; };
		C966BBA42234CD18004FAEEB /* ReactiveCocoa.app */ = {isa = PBXFileReference; explicitFileType = wrapper.application; includeInIndex = 0; path = ReactiveCocoa.app; sourceTree = BUILT_PRODUCTS_DIR; };
		C966BBA72234CD18004FAEEB /* AppDelegate.h */ = {isa = PBXFileReference; lastKnownFileType = sourcecode.c.h; path = AppDelegate.h; sourceTree = "<group>"; };
		C966BBA82234CD18004FAEEB /* AppDelegate.m */ = {isa = PBXFileReference; lastKnownFileType = sourcecode.c.objc; path = AppDelegate.m; sourceTree = "<group>"; };
		C966BBAA2234CD18004FAEEB /* ViewController.h */ = {isa = PBXFileReference; lastKnownFileType = sourcecode.c.h; path = ViewController.h; sourceTree = "<group>"; };
		C966BBAB2234CD18004FAEEB /* ViewController.m */ = {isa = PBXFileReference; lastKnownFileType = sourcecode.c.objc; path = ViewController.m; sourceTree = "<group>"; };
		C966BBB12234CD18004FAEEB /* ReactiveCocoa.xcdatamodel */ = {isa = PBXFileReference; lastKnownFileType = wrapper.xcdatamodel; path = ReactiveCocoa.xcdatamodel; sourceTree = "<group>"; };
		C966BBB32234CD19004FAEEB /* Assets.xcassets */ = {isa = PBXFileReference; lastKnownFileType = folder.assetcatalog; path = Assets.xcassets; sourceTree = "<group>"; };
		C966BBB62234CD19004FAEEB /* Base */ = {isa = PBXFileReference; lastKnownFileType = file.storyboard; name = Base; path = Base.lproj/LaunchScreen.storyboard; sourceTree = "<group>"; };
		C966BBB82234CD19004FAEEB /* Info.plist */ = {isa = PBXFileReference; lastKnownFileType = text.plist.xml; path = Info.plist; sourceTree = "<group>"; };
		C966BBB92234CD19004FAEEB /* main.m */ = {isa = PBXFileReference; lastKnownFileType = sourcecode.c.objc; path = main.m; sourceTree = "<group>"; };
		C966BBBF2234CD1A004FAEEB /* ReactiveCocoaTests.xctest */ = {isa = PBXFileReference; explicitFileType = wrapper.cfbundle; includeInIndex = 0; path = ReactiveCocoaTests.xctest; sourceTree = BUILT_PRODUCTS_DIR; };
		C966BBC32234CD1A004FAEEB /* ReactiveCocoaTests.m */ = {isa = PBXFileReference; lastKnownFileType = sourcecode.c.objc; path = ReactiveCocoaTests.m; sourceTree = "<group>"; };
		C966BBC52234CD1A004FAEEB /* Info.plist */ = {isa = PBXFileReference; lastKnownFileType = text.plist.xml; path = Info.plist; sourceTree = "<group>"; };
		C966BBCA2234CD1A004FAEEB /* ReactiveCocoaUITests.xctest */ = {isa = PBXFileReference; explicitFileType = wrapper.cfbundle; includeInIndex = 0; path = ReactiveCocoaUITests.xctest; sourceTree = BUILT_PRODUCTS_DIR; };
		C966BBCE2234CD1A004FAEEB /* ReactiveCocoaUITests.m */ = {isa = PBXFileReference; lastKnownFileType = sourcecode.c.objc; path = ReactiveCocoaUITests.m; sourceTree = "<group>"; };
		C966BBD02234CD1A004FAEEB /* Info.plist */ = {isa = PBXFileReference; lastKnownFileType = text.plist.xml; path = Info.plist; sourceTree = "<group>"; };
		CAF99942AF42448AB440B95B /* Pods-ReactiveCocoa.debug.xcconfig */ = {isa = PBXFileReference; includeInIndex = 1; lastKnownFileType = text.xcconfig; name = "Pods-ReactiveCocoa.debug.xcconfig"; path = "Pods/Target Support Files/Pods-ReactiveCocoa/Pods-ReactiveCocoa.debug.xcconfig"; sourceTree = "<group>"; };
		F6E4CC45D4004B54D0C8C975 /* Pods_ReactiveCocoa.framework */ = {isa = PBXFileReference; explicitFileType = wrapper.framework; includeInIndex = 0; path = Pods_ReactiveCocoa.framework; sourceTree = BUILT_PRODUCTS_DIR; };
/* End PBXFileReference section */

/* Begin PBXFrameworksBuildPhase section */
		C966BBA12234CD18004FAEEB /* Frameworks */ = {
			isa = PBXFrameworksBuildPhase;
			buildActionMask = 2147483647;
			files = (
				FE89FBB2DD63FA2502FAC46B /* Pods_ReactiveCocoa.framework in Frameworks */,
			);
			runOnlyForDeploymentPostprocessing = 0;
		};
		C966BBBC2234CD1A004FAEEB /* Frameworks */ = {
			isa = PBXFrameworksBuildPhase;
			buildActionMask = 2147483647;
			files = (
			);
			runOnlyForDeploymentPostprocessing = 0;
		};
		C966BBC72234CD1A004FAEEB /* Frameworks */ = {
			isa = PBXFrameworksBuildPhase;
			buildActionMask = 2147483647;
			files = (
			);
			runOnlyForDeploymentPostprocessing = 0;
		};
/* End PBXFrameworksBuildPhase section */

/* Begin PBXGroup section */
		5FBBABA4ED1EA5FB9BC43F6C /* Pods */ = {
			isa = PBXGroup;
			children = (
				CAF99942AF42448AB440B95B /* Pods-ReactiveCocoa.debug.xcconfig */,
				13946C3FA216D4A207A3039D /* Pods-ReactiveCocoa.release.xcconfig */,
			);
			name = Pods;
			sourceTree = "<group>";
		};
		C966BB9B2234CD18004FAEEB = {
			isa = PBXGroup;
			children = (
				C966BBA62234CD18004FAEEB /* ReactiveCocoa */,
				C966BBC22234CD1A004FAEEB /* ReactiveCocoaTests */,
				C966BBCD2234CD1A004FAEEB /* ReactiveCocoaUITests */,
				C966BBA52234CD18004FAEEB /* Products */,
				5FBBABA4ED1EA5FB9BC43F6C /* Pods */,
				D815636E9220E609D2EAA8D9 /* Frameworks */,
			);
			sourceTree = "<group>";
		};
		C966BBA52234CD18004FAEEB /* Products */ = {
			isa = PBXGroup;
			children = (
				C966BBA42234CD18004FAEEB /* ReactiveCocoa.app */,
				C966BBBF2234CD1A004FAEEB /* ReactiveCocoaTests.xctest */,
				C966BBCA2234CD1A004FAEEB /* ReactiveCocoaUITests.xctest */,
			);
			name = Products;
			sourceTree = "<group>";
		};
		C966BBA62234CD18004FAEEB /* ReactiveCocoa */ = {
			isa = PBXGroup;
			children = (
				C91C9400223513030031BEAE /* ReactiveCocoa.pch */,
				C966BBA72234CD18004FAEEB /* AppDelegate.h */,
				C966BBA82234CD18004FAEEB /* AppDelegate.m */,
				C966BBAA2234CD18004FAEEB /* ViewController.h */,
				C966BBAB2234CD18004FAEEB /* ViewController.m */,
				C91C93F722350F3D0031BEAE /* ReactiveCocoaViewController.h */,
				C91C93F822350F3D0031BEAE /* ReactiveCocoaViewController.m */,
				C91C93FC22350F810031BEAE /* ReactiveCocoaViewController.xib */,
				C966BBB32234CD19004FAEEB /* Assets.xcassets */,
				C966BBB52234CD19004FAEEB /* LaunchScreen.storyboard */,
				C966BBB82234CD19004FAEEB /* Info.plist */,
				C966BBB92234CD19004FAEEB /* main.m */,
				C966BBB02234CD18004FAEEB /* ReactiveCocoa.xcdatamodeld */,
			);
			path = ReactiveCocoa;
			sourceTree = "<group>";
		};
		C966BBC22234CD1A004FAEEB /* ReactiveCocoaTests */ = {
			isa = PBXGroup;
			children = (
				C966BBC32234CD1A004FAEEB /* ReactiveCocoaTests.m */,
				C966BBC52234CD1A004FAEEB /* Info.plist */,
			);
			path = ReactiveCocoaTests;
			sourceTree = "<group>";
		};
		C966BBCD2234CD1A004FAEEB /* ReactiveCocoaUITests */ = {
			isa = PBXGroup;
			children = (
				C966BBCE2234CD1A004FAEEB /* ReactiveCocoaUITests.m */,
				C966BBD02234CD1A004FAEEB /* Info.plist */,
			);
			path = ReactiveCocoaUITests;
			sourceTree = "<group>";
		};
		D815636E9220E609D2EAA8D9 /* Frameworks */ = {
			isa = PBXGroup;
			children = (
				F6E4CC45D4004B54D0C8C975 /* Pods_ReactiveCocoa.framework */,
			);
			name = Frameworks;
			sourceTree = "<group>";
		};
/* End PBXGroup section */

/* Begin PBXNativeTarget section */
		C966BBA32234CD18004FAEEB /* ReactiveCocoa */ = {
			isa = PBXNativeTarget;
			buildConfigurationList = C966BBD32234CD1A004FAEEB /* Build configuration list for PBXNativeTarget "ReactiveCocoa" */;
			buildPhases = (
				4C90E17F26221F8BBBF3FCE6 /* [CP] Check Pods Manifest.lock */,
				C966BBA02234CD18004FAEEB /* Sources */,
				C966BBA12234CD18004FAEEB /* Frameworks */,
				C966BBA22234CD18004FAEEB /* Resources */,
				0F34CAA8EED6B7B2E123A9E3 /* [CP] Embed Pods Frameworks */,
			);
			buildRules = (
			);
			dependencies = (
			);
			name = ReactiveCocoa;
			productName = ReactiveCocoa;
			productReference = C966BBA42234CD18004FAEEB /* ReactiveCocoa.app */;
			productType = "com.apple.product-type.application";
		};
		C966BBBE2234CD1A004FAEEB /* ReactiveCocoaTests */ = {
			isa = PBXNativeTarget;
			buildConfigurationList = C966BBD62234CD1A004FAEEB /* Build configuration list for PBXNativeTarget "ReactiveCocoaTests" */;
			buildPhases = (
				C966BBBB2234CD1A004FAEEB /* Sources */,
				C966BBBC2234CD1A004FAEEB /* Frameworks */,
				C966BBBD2234CD1A004FAEEB /* Resources */,
			);
			buildRules = (
			);
			dependencies = (
				C966BBC12234CD1A004FAEEB /* PBXTargetDependency */,
			);
			name = ReactiveCocoaTests;
			productName = ReactiveCocoaTests;
			productReference = C966BBBF2234CD1A004FAEEB /* ReactiveCocoaTests.xctest */;
			productType = "com.apple.product-type.bundle.unit-test";
		};
		C966BBC92234CD1A004FAEEB /* ReactiveCocoaUITests */ = {
			isa = PBXNativeTarget;
			buildConfigurationList = C966BBD92234CD1A004FAEEB /* Build configuration list for PBXNativeTarget "ReactiveCocoaUITests" */;
			buildPhases = (
				C966BBC62234CD1A004FAEEB /* Sources */,
				C966BBC72234CD1A004FAEEB /* Frameworks */,
				C966BBC82234CD1A004FAEEB /* Resources */,
			);
			buildRules = (
			);
			dependencies = (
				C966BBCC2234CD1A004FAEEB /* PBXTargetDependency */,
			);
			name = ReactiveCocoaUITests;
			productName = ReactiveCocoaUITests;
			productReference = C966BBCA2234CD1A004FAEEB /* ReactiveCocoaUITests.xctest */;
			productType = "com.apple.product-type.bundle.ui-testing";
		};
/* End PBXNativeTarget section */

/* Begin PBXProject section */
		C966BB9C2234CD18004FAEEB /* Project object */ = {
			isa = PBXProject;
			attributes = {
				LastUpgradeCheck = 1010;
				ORGANIZATIONNAME = mob;
				TargetAttributes = {
					C966BBA32234CD18004FAEEB = {
						CreatedOnToolsVersion = 10.1;
					};
					C966BBBE2234CD1A004FAEEB = {
						CreatedOnToolsVersion = 10.1;
						TestTargetID = C966BBA32234CD18004FAEEB;
					};
					C966BBC92234CD1A004FAEEB = {
						CreatedOnToolsVersion = 10.1;
						TestTargetID = C966BBA32234CD18004FAEEB;
					};
				};
			};
			buildConfigurationList = C966BB9F2234CD18004FAEEB /* Build configuration list for PBXProject "ReactiveCocoa" */;
			compatibilityVersion = "Xcode 9.3";
			developmentRegion = en;
			hasScannedForEncodings = 0;
			knownRegions = (
				en,
				Base,
			);
			mainGroup = C966BB9B2234CD18004FAEEB;
			productRefGroup = C966BBA52234CD18004FAEEB /* Products */;
			projectDirPath = "";
			projectRoot = "";
			targets = (
				C966BBA32234CD18004FAEEB /* ReactiveCocoa */,
				C966BBBE2234CD1A004FAEEB /* ReactiveCocoaTests */,
				C966BBC92234CD1A004FAEEB /* ReactiveCocoaUITests */,
			);
		};
/* End PBXProject section */

/* Begin PBXResourcesBuildPhase section */
		C966BBA22234CD18004FAEEB /* Resources */ = {
			isa = PBXResourcesBuildPhase;
			buildActionMask = 2147483647;
			files = (
				C966BBB72234CD19004FAEEB /* LaunchScreen.storyboard in Resources */,
				C966BBB42234CD19004FAEEB /* Assets.xcassets in Resources */,
				C91C93FD22350F810031BEAE /* ReactiveCocoaViewController.xib in Resources */,
			);
			runOnlyForDeploymentPostprocessing = 0;
		};
		C966BBBD2234CD1A004FAEEB /* Resources */ = {
			isa = PBXResourcesBuildPhase;
			buildActionMask = 2147483647;
			files = (
				C91C93FE22350F810031BEAE /* ReactiveCocoaViewController.xib in Resources */,
			);
			runOnlyForDeploymentPostprocessing = 0;
		};
		C966BBC82234CD1A004FAEEB /* Resources */ = {
			isa = PBXResourcesBuildPhase;
			buildActionMask = 2147483647;
			files = (
				C91C93FF22350F810031BEAE /* ReactiveCocoaViewController.xib in Resources */,
			);
			runOnlyForDeploymentPostprocessing = 0;
		};
/* End PBXResourcesBuildPhase section */

/* Begin PBXShellScriptBuildPhase section */
		0F34CAA8EED6B7B2E123A9E3 /* [CP] Embed Pods Frameworks */ = {
			isa = PBXShellScriptBuildPhase;
			buildActionMask = 2147483647;
			files = (
			);
			inputPaths = (
				"${SRCROOT}/Pods/Target Support Files/Pods-ReactiveCocoa/Pods-ReactiveCocoa-frameworks.sh",
				"${BUILT_PRODUCTS_DIR}/ReactiveCocoa/ReactiveCocoa.framework",
			);
			name = "[CP] Embed Pods Frameworks";
			outputPaths = (
				"${TARGET_BUILD_DIR}/${FRAMEWORKS_FOLDER_PATH}/ReactiveCocoa.framework",
			);
			runOnlyForDeploymentPostprocessing = 0;
			shellPath = /bin/sh;
			shellScript = "\"${SRCROOT}/Pods/Target Support Files/Pods-ReactiveCocoa/Pods-ReactiveCocoa-frameworks.sh\"\n";
			showEnvVarsInLog = 0;
		};
		4C90E17F26221F8BBBF3FCE6 /* [CP] Check Pods Manifest.lock */ = {
			isa = PBXShellScriptBuildPhase;
			buildActionMask = 2147483647;
			files = (
			);
			inputPaths = (
				"${PODS_PODFILE_DIR_PATH}/Podfile.lock",
				"${PODS_ROOT}/Manifest.lock",
			);
			name = "[CP] Check Pods Manifest.lock";
			outputPaths = (
				"$(DERIVED_FILE_DIR)/Pods-ReactiveCocoa-checkManifestLockResult.txt",
			);
			runOnlyForDeploymentPostprocessing = 0;
			shellPath = /bin/sh;
			shellScript = "diff \"${PODS_PODFILE_DIR_PATH}/Podfile.lock\" \"${PODS_ROOT}/Manifest.lock\" > /dev/null\nif [ $? != 0 ] ; then\n    # print error to STDERR\n    echo \"error: The sandbox is not in sync with the Podfile.lock. Run 'pod install' or update your CocoaPods installation.\" >&2\n    exit 1\nfi\n# This output is used by Xcode 'outputs' to avoid re-running this script phase.\necho \"SUCCESS\" > \"${SCRIPT_OUTPUT_FILE_0}\"\n";
			showEnvVarsInLog = 0;
		};
/* End PBXShellScriptBuildPhase section */

/* Begin PBXSourcesBuildPhase section */
		C966BBA02234CD18004FAEEB /* Sources */ = {
			isa = PBXSourcesBuildPhase;
			buildActionMask = 2147483647;
			files = (
				C966BBAC2234CD18004FAEEB /* ViewController.m in Sources */,
				C91C93F922350F3D0031BEAE /* ReactiveCocoaViewController.m in Sources */,
				C966BBB22234CD18004FAEEB /* ReactiveCocoa.xcdatamodeld in Sources */,
				C966BBBA2234CD19004FAEEB /* main.m in Sources */,
				C966BBA92234CD18004FAEEB /* AppDelegate.m in Sources */,
			);
			runOnlyForDeploymentPostprocessing = 0;
		};
		C966BBBB2234CD1A004FAEEB /* Sources */ = {
			isa = PBXSourcesBuildPhase;
			buildActionMask = 2147483647;
			files = (
				C966BBC42234CD1A004FAEEB /* ReactiveCocoaTests.m in Sources */,
				C91C93FA22350F3D0031BEAE /* ReactiveCocoaViewController.m in Sources */,
			);
			runOnlyForDeploymentPostprocessing = 0;
		};
		C966BBC62234CD1A004FAEEB /* Sources */ = {
			isa = PBXSourcesBuildPhase;
			buildActionMask = 2147483647;
			files = (
				C966BBCF2234CD1A004FAEEB /* ReactiveCocoaUITests.m in Sources */,
				C91C93FB22350F3D0031BEAE /* ReactiveCocoaViewController.m in Sources */,
			);
			runOnlyForDeploymentPostprocessing = 0;
		};
/* End PBXSourcesBuildPhase section */

/* Begin PBXTargetDependency section */
		C966BBC12234CD1A004FAEEB /* PBXTargetDependency */ = {
			isa = PBXTargetDependency;
			target = C966BBA32234CD18004FAEEB /* ReactiveCocoa */;
			targetProxy = C966BBC02234CD1A004FAEEB /* PBXContainerItemProxy */;
		};
		C966BBCC2234CD1A004FAEEB /* PBXTargetDependency */ = {
			isa = PBXTargetDependency;
			target = C966BBA32234CD18004FAEEB /* ReactiveCocoa */;
			targetProxy = C966BBCB2234CD1A004FAEEB /* PBXContainerItemProxy */;
		};
/* End PBXTargetDependency section */

/* Begin PBXVariantGroup section */
		C966BBB52234CD19004FAEEB /* LaunchScreen.storyboard */ = {
			isa = PBXVariantGroup;
			children = (
				C966BBB62234CD19004FAEEB /* Base */,
			);
			name = LaunchScreen.storyboard;
			sourceTree = "<group>";
		};
/* End PBXVariantGroup section */

/* Begin XCBuildConfiguration section */
		C966BBD12234CD1A004FAEEB /* Debug */ = {
			isa = XCBuildConfiguration;
			buildSettings = {
				ALWAYS_SEARCH_USER_PATHS = NO;
				CLANG_ANALYZER_NONNULL = YES;
				CLANG_ANALYZER_NUMBER_OBJECT_CONVERSION = YES_AGGRESSIVE;
				CLANG_CXX_LANGUAGE_STANDARD = "gnu++14";
				CLANG_CXX_LIBRARY = "libc++";
				CLANG_ENABLE_MODULES = YES;
				CLANG_ENABLE_OBJC_ARC = YES;
				CLANG_ENABLE_OBJC_WEAK = YES;
				CLANG_WARN_BLOCK_CAPTURE_AUTORELEASING = YES;
				CLANG_WARN_BOOL_CONVERSION = YES;
				CLANG_WARN_COMMA = YES;
				CLANG_WARN_CONSTANT_CONVERSION = YES;
				CLANG_WARN_DEPRECATED_OBJC_IMPLEMENTATIONS = YES;
				CLANG_WARN_DIRECT_OBJC_ISA_USAGE = YES_ERROR;
				CLANG_WARN_DOCUMENTATION_COMMENTS = YES;
				CLANG_WARN_EMPTY_BODY = YES;
				CLANG_WARN_ENUM_CONVERSION = YES;
				CLANG_WARN_INFINITE_RECURSION = YES;
				CLANG_WARN_INT_CONVERSION = YES;
				CLANG_WARN_NON_LITERAL_NULL_CONVERSION = YES;
				CLANG_WARN_OBJC_IMPLICIT_RETAIN_SELF = YES;
				CLANG_WARN_OBJC_LITERAL_CONVERSION = YES;
				CLANG_WARN_OBJC_ROOT_CLASS = YES_ERROR;
				CLANG_WARN_RANGE_LOOP_ANALYSIS = YES;
				CLANG_WARN_STRICT_PROTOTYPES = YES;
				CLANG_WARN_SUSPICIOUS_MOVE = YES;
				CLANG_WARN_UNGUARDED_AVAILABILITY = YES_AGGRESSIVE;
				CLANG_WARN_UNREACHABLE_CODE = YES;
				CLANG_WARN__DUPLICATE_METHOD_MATCH = YES;
				CODE_SIGN_IDENTITY = "iPhone Developer";
				COPY_PHASE_STRIP = NO;
				DEBUG_INFORMATION_FORMAT = dwarf;
				ENABLE_STRICT_OBJC_MSGSEND = YES;
				ENABLE_TESTABILITY = YES;
				GCC_C_LANGUAGE_STANDARD = gnu11;
				GCC_DYNAMIC_NO_PIC = NO;
				GCC_NO_COMMON_BLOCKS = YES;
				GCC_OPTIMIZATION_LEVEL = 0;
				GCC_PREPROCESSOR_DEFINITIONS = (
					"DEBUG=1",
					"$(inherited)",
				);
				GCC_WARN_64_TO_32_BIT_CONVERSION = YES;
				GCC_WARN_ABOUT_RETURN_TYPE = YES_ERROR;
				GCC_WARN_UNDECLARED_SELECTOR = YES;
				GCC_WARN_UNINITIALIZED_AUTOS = YES_AGGRESSIVE;
				GCC_WARN_UNUSED_FUNCTION = YES;
				GCC_WARN_UNUSED_VARIABLE = YES;
				IPHONEOS_DEPLOYMENT_TARGET = 12.1;
				MTL_ENABLE_DEBUG_INFO = INCLUDE_SOURCE;
				MTL_FAST_MATH = YES;
				ONLY_ACTIVE_ARCH = YES;
				SDKROOT = iphoneos;
			};
			name = Debug;
		};
		C966BBD22234CD1A004FAEEB /* Release */ = {
			isa = XCBuildConfiguration;
			buildSettings = {
				ALWAYS_SEARCH_USER_PATHS = NO;
				CLANG_ANALYZER_NONNULL = YES;
				CLANG_ANALYZER_NUMBER_OBJECT_CONVERSION = YES_AGGRESSIVE;
				CLANG_CXX_LANGUAGE_STANDARD = "gnu++14";
				CLANG_CXX_LIBRARY = "libc++";
				CLANG_ENABLE_MODULES = YES;
				CLANG_ENABLE_OBJC_ARC = YES;
				CLANG_ENABLE_OBJC_WEAK = YES;
				CLANG_WARN_BLOCK_CAPTURE_AUTORELEASING = YES;
				CLANG_WARN_BOOL_CONVERSION = YES;
				CLANG_WARN_COMMA = YES;
				CLANG_WARN_CONSTANT_CONVERSION = YES;
				CLANG_WARN_DEPRECATED_OBJC_IMPLEMENTATIONS = YES;
				CLANG_WARN_DIRECT_OBJC_ISA_USAGE = YES_ERROR;
				CLANG_WARN_DOCUMENTATION_COMMENTS = YES;
				CLANG_WARN_EMPTY_BODY = YES;
				CLANG_WARN_ENUM_CONVERSION = YES;
				CLANG_WARN_INFINITE_RECURSION = YES;
				CLANG_WARN_INT_CONVERSION = YES;
				CLANG_WARN_NON_LITERAL_NULL_CONVERSION = YES;
				CLANG_WARN_OBJC_IMPLICIT_RETAIN_SELF = YES;
				CLANG_WARN_OBJC_LITERAL_CONVERSION = YES;
				CLANG_WARN_OBJC_ROOT_CLASS = YES_ERROR;
				CLANG_WARN_RANGE_LOOP_ANALYSIS = YES;
				CLANG_WARN_STRICT_PROTOTYPES = YES;
				CLANG_WARN_SUSPICIOUS_MOVE = YES;
				CLANG_WARN_UNGUARDED_AVAILABILITY = YES_AGGRESSIVE;
				CLANG_WARN_UNREACHABLE_CODE = YES;
				CLANG_WARN__DUPLICATE_METHOD_MATCH = YES;
				CODE_SIGN_IDENTITY = "iPhone Developer";
				COPY_PHASE_STRIP = NO;
				DEBUG_INFORMATION_FORMAT = "dwarf-with-dsym";
				ENABLE_NS_ASSERTIONS = NO;
				ENABLE_STRICT_OBJC_MSGSEND = YES;
				GCC_C_LANGUAGE_STANDARD = gnu11;
				GCC_NO_COMMON_BLOCKS = YES;
				GCC_WARN_64_TO_32_BIT_CONVERSION = YES;
				GCC_WARN_ABOUT_RETURN_TYPE = YES_ERROR;
				GCC_WARN_UNDECLARED_SELECTOR = YES;
				GCC_WARN_UNINITIALIZED_AUTOS = YES_AGGRESSIVE;
				GCC_WARN_UNUSED_FUNCTION = YES;
				GCC_WARN_UNUSED_VARIABLE = YES;
				IPHONEOS_DEPLOYMENT_TARGET = 12.1;
				MTL_ENABLE_DEBUG_INFO = NO;
				MTL_FAST_MATH = YES;
				SDKROOT = iphoneos;
				VALIDATE_PRODUCT = YES;
			};
			name = Release;
		};
		C966BBD42234CD1A004FAEEB /* Debug */ = {
			isa = XCBuildConfiguration;
			baseConfigurationReference = CAF99942AF42448AB440B95B /* Pods-ReactiveCocoa.debug.xcconfig */;
			buildSettings = {
				ASSETCATALOG_COMPILER_APPICON_NAME = AppIcon;
				CODE_SIGN_STYLE = Automatic;
				DEVELOPMENT_TEAM = 9667A46C8L;
				GCC_PREFIX_HEADER = "/Users/mob/Documents/Small target/ThirdPart/ReactiveCocoa/ReactiveCocoa/OtherFile/ReactiveCocoa.pch";
				INFOPLIST_FILE = ReactiveCocoa/Info.plist;
				IPHONEOS_DEPLOYMENT_TARGET = 10.2;
				LD_RUNPATH_SEARCH_PATHS = (
					"$(inherited)",
					"@executable_path/Frameworks",
				);
				PRODUCT_BUNDLE_IDENTIFIER = mob.ReactiveCocoa;
				PRODUCT_NAME = "$(TARGET_NAME)";
				TARGETED_DEVICE_FAMILY = "1,2";
			};
			name = Debug;
		};
		C966BBD52234CD1A004FAEEB /* Release */ = {
			isa = XCBuildConfiguration;
			baseConfigurationReference = 13946C3FA216D4A207A3039D /* Pods-ReactiveCocoa.release.xcconfig */;
			buildSettings = {
				ASSETCATALOG_COMPILER_APPICON_NAME = AppIcon;
				CODE_SIGN_STYLE = Automatic;
				DEVELOPMENT_TEAM = 9667A46C8L;
				GCC_PREFIX_HEADER = "/Users/mob/Documents/Small target/ThirdPart/ReactiveCocoa/ReactiveCocoa/OtherFile/ReactiveCocoa.pch";
				INFOPLIST_FILE = ReactiveCocoa/Info.plist;
				IPHONEOS_DEPLOYMENT_TARGET = 10.2;
				LD_RUNPATH_SEARCH_PATHS = (
					"$(inherited)",
					"@executable_path/Frameworks",
				);
				PRODUCT_BUNDLE_IDENTIFIER = mob.ReactiveCocoa;
				PRODUCT_NAME = "$(TARGET_NAME)";
				TARGETED_DEVICE_FAMILY = "1,2";
			};
			name = Release;
		};
		C966BBD72234CD1A004FAEEB /* Debug */ = {
			isa = XCBuildConfiguration;
			buildSettings = {
				BUNDLE_LOADER = "$(TEST_HOST)";
				CODE_SIGN_STYLE = Automatic;
				DEVELOPMENT_TEAM = 9667A46C8L;
				INFOPLIST_FILE = ReactiveCocoaTests/Info.plist;
				LD_RUNPATH_SEARCH_PATHS = (
					"$(inherited)",
					"@executable_path/Frameworks",
					"@loader_path/Frameworks",
				);
				PRODUCT_BUNDLE_IDENTIFIER = mob.ReactiveCocoaTests;
				PRODUCT_NAME = "$(TARGET_NAME)";
				TARGETED_DEVICE_FAMILY = "1,2";
				TEST_HOST = "$(BUILT_PRODUCTS_DIR)/ReactiveCocoa.app/ReactiveCocoa";
			};
			name = Debug;
		};
		C966BBD82234CD1A004FAEEB /* Release */ = {
			isa = XCBuildConfiguration;
			buildSettings = {
				BUNDLE_LOADER = "$(TEST_HOST)";
				CODE_SIGN_STYLE = Automatic;
				DEVELOPMENT_TEAM = 9667A46C8L;
				INFOPLIST_FILE = ReactiveCocoaTests/Info.plist;
				LD_RUNPATH_SEARCH_PATHS = (
					"$(inherited)",
					"@executable_path/Frameworks",
					"@loader_path/Frameworks",
				);
				PRODUCT_BUNDLE_IDENTIFIER = mob.ReactiveCocoaTests;
				PRODUCT_NAME = "$(TARGET_NAME)";
				TARGETED_DEVICE_FAMILY = "1,2";
				TEST_HOST = "$(BUILT_PRODUCTS_DIR)/ReactiveCocoa.app/ReactiveCocoa";
			};
			name = Release;
		};
		C966BBDA2234CD1A004FAEEB /* Debug */ = {
			isa = XCBuildConfiguration;
			buildSettings = {
				CODE_SIGN_STYLE = Automatic;
				DEVELOPMENT_TEAM = 9667A46C8L;
				INFOPLIST_FILE = ReactiveCocoaUITests/Info.plist;
				LD_RUNPATH_SEARCH_PATHS = (
					"$(inherited)",
					"@executable_path/Frameworks",
					"@loader_path/Frameworks",
				);
				PRODUCT_BUNDLE_IDENTIFIER = mob.ReactiveCocoaUITests;
				PRODUCT_NAME = "$(TARGET_NAME)";
				TARGETED_DEVICE_FAMILY = "1,2";
				TEST_TARGET_NAME = ReactiveCocoa;
			};
			name = Debug;
		};
		C966BBDB2234CD1A004FAEEB /* Release */ = {
			isa = XCBuildConfiguration;
			buildSettings = {
				CODE_SIGN_STYLE = Automatic;
				DEVELOPMENT_TEAM = 9667A46C8L;
				INFOPLIST_FILE = ReactiveCocoaUITests/Info.plist;
				LD_RUNPATH_SEARCH_PATHS = (
					"$(inherited)",
					"@executable_path/Frameworks",
					"@loader_path/Frameworks",
				);
				PRODUCT_BUNDLE_IDENTIFIER = mob.ReactiveCocoaUITests;
				PRODUCT_NAME = "$(TARGET_NAME)";
				TARGETED_DEVICE_FAMILY = "1,2";
				TEST_TARGET_NAME = ReactiveCocoa;
			};
			name = Release;
		};
/* End XCBuildConfiguration section */

/* Begin XCConfigurationList section */
		C966BB9F2234CD18004FAEEB /* Build configuration list for PBXProject "ReactiveCocoa" */ = {
			isa = XCConfigurationList;
			buildConfigurations = (
				C966BBD12234CD1A004FAEEB /* Debug */,
				C966BBD22234CD1A004FAEEB /* Release */,
			);
			defaultConfigurationIsVisible = 0;
			defaultConfigurationName = Release;
		};
		C966BBD32234CD1A004FAEEB /* Build configuration list for PBXNativeTarget "ReactiveCocoa" */ = {
			isa = XCConfigurationList;
			buildConfigurations = (
				C966BBD42234CD1A004FAEEB /* Debug */,
				C966BBD52234CD1A004FAEEB /* Release */,
			);
			defaultConfigurationIsVisible = 0;
			defaultConfigurationName = Release;
		};
		C966BBD62234CD1A004FAEEB /* Build configuration list for PBXNativeTarget "ReactiveCocoaTests" */ = {
			isa = XCConfigurationList;
			buildConfigurations = (
				C966BBD72234CD1A004FAEEB /* Debug */,
				C966BBD82234CD1A004FAEEB /* Release */,
			);
			defaultConfigurationIsVisible = 0;
			defaultConfigurationName = Release;
		};
		C966BBD92234CD1A004FAEEB /* Build configuration list for PBXNativeTarget "ReactiveCocoaUITests" */ = {
			isa = XCConfigurationList;
			buildConfigurations = (
				C966BBDA2234CD1A004FAEEB /* Debug */,
				C966BBDB2234CD1A004FAEEB /* Release */,
			);
			defaultConfigurationIsVisible = 0;
			defaultConfigurationName = Release;
		};
/* End XCConfigurationList section */

/* Begin XCVersionGroup section */
		C966BBB02234CD18004FAEEB /* ReactiveCocoa.xcdatamodeld */ = {
			isa = XCVersionGroup;
			children = (
				C966BBB12234CD18004FAEEB /* ReactiveCocoa.xcdatamodel */,
			);
			currentVersion = C966BBB12234CD18004FAEEB /* ReactiveCocoa.xcdatamodel */;
			path = ReactiveCocoa.xcdatamodeld;
			sourceTree = "<group>";
			versionGroupType = wrapper.xcdatamodel;
		};
/* End XCVersionGroup section */
	};
	rootObject = C966BB9C2234CD18004FAEEB /* Project object */;
}
